// !$*UTF8*$!
{
	archiveVersion = 1;
	classes = {
	};
	objectVersion = 46;
	objects = {

/* Begin PBXBuildFile section */
		12206EBF1804C33B00525EAC /* Cocoa.framework in Frameworks */ = {isa = PBXBuildFile; fileRef = 12206EBE1804C33B00525EAC /* Cocoa.framework */; };
		12206EC91804C33B00525EAC /* InfoPlist.strings in Resources */ = {isa = PBXBuildFile; fileRef = 12206EC71804C33B00525EAC /* InfoPlist.strings */; };
		12206ECB1804C33B00525EAC /* main.m in Sources */ = {isa = PBXBuildFile; fileRef = 12206ECA1804C33B00525EAC /* main.m */; };
		12206ECF1804C33B00525EAC /* Credits.rtf in Resources */ = {isa = PBXBuildFile; fileRef = 12206ECD1804C33B00525EAC /* Credits.rtf */; };
		12206ED21804C33B00525EAC /* AppDelegate.m in Sources */ = {isa = PBXBuildFile; fileRef = 12206ED11804C33B00525EAC /* AppDelegate.m */; };
		12206ED51804C33B00525EAC /* MainMenu.xib in Resources */ = {isa = PBXBuildFile; fileRef = 12206ED31804C33B00525EAC /* MainMenu.xib */; };
		12206EE41804C3A300525EAC /* LeapObjectiveC.mm in Sources */ = {isa = PBXBuildFile; fileRef = 12206EE11804C3A300525EAC /* LeapObjectiveC.mm */; };
		12206EE51804C3A300525EAC /* libLeap.dylib in Frameworks */ = {isa = PBXBuildFile; fileRef = 12206EE21804C3A300525EAC /* libLeap.dylib */; };
		12206EE81804C44E00525EAC /* libLeap.dylib in CopyFiles */ = {isa = PBXBuildFile; fileRef = 12206EE21804C3A300525EAC /* libLeap.dylib */; };
		12206EEF1804E72E00525EAC /* LeapSlider.m in Sources */ = {isa = PBXBuildFile; fileRef = 12206EEE1804E72E00525EAC /* LeapSlider.m */; };
		12206EF11804ED0100525EAC /* slider_bg.png in Resources */ = {isa = PBXBuildFile; fileRef = 12206EF01804ED0100525EAC /* slider_bg.png */; };
		12206EF31804F76B00525EAC /* slider_knob.jpg in Resources */ = {isa = PBXBuildFile; fileRef = 12206EF21804F76B00525EAC /* slider_knob.jpg */; };
		12206EF6180504A900525EAC /* CursorOverlay.m in Sources */ = {isa = PBXBuildFile; fileRef = 12206EF5180504A900525EAC /* CursorOverlay.m */; };
		12206F0518050D4A00525EAC /* PointableCursor.m in Sources */ = {isa = PBXBuildFile; fileRef = 12206F0418050D4A00525EAC /* PointableCursor.m */; };
		12D2F00218062D7500FA2161 /* LeapKnob.m in Sources */ = {isa = PBXBuildFile; fileRef = 12D2F00118062D7500FA2161 /* LeapKnob.m */; };
		12D2F006180634EC00FA2161 /* pot_knob.png in Resources */ = {isa = PBXBuildFile; fileRef = 12D2F005180634EC00FA2161 /* pot_knob.png */; };
/* End PBXBuildFile section */

/* Begin PBXCopyFilesBuildPhase section */
		12206EE61804C43300525EAC /* CopyFiles */ = {
			isa = PBXCopyFilesBuildPhase;
			buildActionMask = 2147483647;
			dstPath = "";
			dstSubfolderSpec = 6;
			files = (
				12206EE81804C44E00525EAC /* libLeap.dylib in CopyFiles */,
			);
			runOnlyForDeploymentPostprocessing = 0;
		};
/* End PBXCopyFilesBuildPhase section */

/* Begin PBXFileReference section */
		12206EBA1804C33B00525EAC /* leapsynth.app */ = {isa = PBXFileReference; explicitFileType = wrapper.application; includeInIndex = 0; path = leapsynth.app; sourceTree = BUILT_PRODUCTS_DIR; };
		12206EBE1804C33B00525EAC /* Cocoa.framework */ = {isa = PBXFileReference; lastKnownFileType = wrapper.framework; name = Cocoa.framework; path = System/Library/Frameworks/Cocoa.framework; sourceTree = SDKROOT; };
		12206EC11804C33B00525EAC /* AppKit.framework */ = {isa = PBXFileReference; lastKnownFileType = wrapper.framework; name = AppKit.framework; path = System/Library/Frameworks/AppKit.framework; sourceTree = SDKROOT; };
		12206EC21804C33B00525EAC /* CoreData.framework */ = {isa = PBXFileReference; lastKnownFileType = wrapper.framework; name = CoreData.framework; path = System/Library/Frameworks/CoreData.framework; sourceTree = SDKROOT; };
		12206EC31804C33B00525EAC /* Foundation.framework */ = {isa = PBXFileReference; lastKnownFileType = wrapper.framework; name = Foundation.framework; path = System/Library/Frameworks/Foundation.framework; sourceTree = SDKROOT; };
		12206EC61804C33B00525EAC /* leapsynth-Info.plist */ = {isa = PBXFileReference; lastKnownFileType = text.plist.xml; path = "leapsynth-Info.plist"; sourceTree = "<group>"; };
		12206EC81804C33B00525EAC /* en */ = {isa = PBXFileReference; lastKnownFileType = text.plist.strings; name = en; path = en.lproj/InfoPlist.strings; sourceTree = "<group>"; };
		12206ECA1804C33B00525EAC /* main.m */ = {isa = PBXFileReference; lastKnownFileType = sourcecode.c.objc; path = main.m; sourceTree = "<group>"; };
		12206ECC1804C33B00525EAC /* leapsynth-Prefix.pch */ = {isa = PBXFileReference; lastKnownFileType = sourcecode.c.h; path = "leapsynth-Prefix.pch"; sourceTree = "<group>"; };
		12206ECE1804C33B00525EAC /* en */ = {isa = PBXFileReference; lastKnownFileType = text.rtf; name = en; path = en.lproj/Credits.rtf; sourceTree = "<group>"; };
		12206ED01804C33B00525EAC /* AppDelegate.h */ = {isa = PBXFileReference; lastKnownFileType = sourcecode.c.h; path = AppDelegate.h; sourceTree = "<group>"; };
		12206ED11804C33B00525EAC /* AppDelegate.m */ = {isa = PBXFileReference; lastKnownFileType = sourcecode.c.objc; path = AppDelegate.m; sourceTree = "<group>"; };
		12206ED41804C33B00525EAC /* en */ = {isa = PBXFileReference; lastKnownFileType = file.xib; name = en; path = en.lproj/MainMenu.xib; sourceTree = "<group>"; };
		12206EDD1804C3A300525EAC /* Leap.h */ = {isa = PBXFileReference; fileEncoding = 4; lastKnownFileType = sourcecode.c.h; path = Leap.h; sourceTree = "<group>"; };
		12206EDE1804C3A300525EAC /* Leap.i */ = {isa = PBXFileReference; fileEncoding = 4; lastKnownFileType = sourcecode.c.c.preprocessed; path = Leap.i; sourceTree = "<group>"; };
		12206EDF1804C3A300525EAC /* LeapMath.h */ = {isa = PBXFileReference; fileEncoding = 4; lastKnownFileType = sourcecode.c.h; path = LeapMath.h; sourceTree = "<group>"; };
		12206EE01804C3A300525EAC /* LeapObjectiveC.h */ = {isa = PBXFileReference; fileEncoding = 4; lastKnownFileType = sourcecode.c.h; path = LeapObjectiveC.h; sourceTree = "<group>"; };
		12206EE11804C3A300525EAC /* LeapObjectiveC.mm */ = {isa = PBXFileReference; fileEncoding = 4; lastKnownFileType = sourcecode.cpp.objcpp; path = LeapObjectiveC.mm; sourceTree = "<group>"; };
		12206EE21804C3A300525EAC /* libLeap.dylib */ = {isa = PBXFileReference; lastKnownFileType = "compiled.mach-o.dylib"; path = libLeap.dylib; sourceTree = "<group>"; };
		12206EED1804E72E00525EAC /* LeapSlider.h */ = {isa = PBXFileReference; fileEncoding = 4; lastKnownFileType = sourcecode.c.h; path = LeapSlider.h; sourceTree = "<group>"; };
		12206EEE1804E72E00525EAC /* LeapSlider.m */ = {isa = PBXFileReference; fileEncoding = 4; lastKnownFileType = sourcecode.c.objc; path = LeapSlider.m; sourceTree = "<group>"; };
		12206EF01804ED0100525EAC /* slider_bg.png */ = {isa = PBXFileReference; lastKnownFileType = image.png; name = slider_bg.png; path = img/slider_bg.png; sourceTree = "<group>"; };
		12206EF21804F76B00525EAC /* slider_knob.jpg */ = {isa = PBXFileReference; lastKnownFileType = image.jpeg; name = slider_knob.jpg; path = img/slider_knob.jpg; sourceTree = "<group>"; };
		12206EF4180504A900525EAC /* CursorOverlay.h */ = {isa = PBXFileReference; fileEncoding = 4; lastKnownFileType = sourcecode.c.h; path = CursorOverlay.h; sourceTree = "<group>"; };
		12206EF5180504A900525EAC /* CursorOverlay.m */ = {isa = PBXFileReference; fileEncoding = 4; lastKnownFileType = sourcecode.c.objc; path = CursorOverlay.m; sourceTree = "<group>"; };
		12206F0318050D4A00525EAC /* PointableCursor.h */ = {isa = PBXFileReference; fileEncoding = 4; lastKnownFileType = sourcecode.c.h; path = PointableCursor.h; sourceTree = "<group>"; };
		12206F0418050D4A00525EAC /* PointableCursor.m */ = {isa = PBXFileReference; fileEncoding = 4; lastKnownFileType = sourcecode.c.objc; path = PointableCursor.m; sourceTree = "<group>"; };
		12D2F00018062D7500FA2161 /* LeapKnob.h */ = {isa = PBXFileReference; fileEncoding = 4; lastKnownFileType = sourcecode.c.h; path = LeapKnob.h; sourceTree = "<group>"; };
		12D2F00118062D7500FA2161 /* LeapKnob.m */ = {isa = PBXFileReference; fileEncoding = 4; lastKnownFileType = sourcecode.c.objc; path = LeapKnob.m; sourceTree = "<group>"; };
		12D2F005180634EC00FA2161 /* pot_knob.png */ = {isa = PBXFileReference; lastKnownFileType = image.png; name = pot_knob.png; path = img/pot_knob.png; sourceTree = "<group>"; };
/* End PBXFileReference section */

/* Begin PBXFrameworksBuildPhase section */
		12206EB71804C33B00525EAC /* Frameworks */ = {
			isa = PBXFrameworksBuildPhase;
			buildActionMask = 2147483647;
			files = (
				12206EBF1804C33B00525EAC /* Cocoa.framework in Frameworks */,
				12206EE51804C3A300525EAC /* libLeap.dylib in Frameworks */,
			);
			runOnlyForDeploymentPostprocessing = 0;
		};
/* End PBXFrameworksBuildPhase section */

/* Begin PBXGroup section */
		12206EAF1804C33B00525EAC = {
			isa = PBXGroup;
			children = (
				12206EC41804C33B00525EAC /* leapsynth */,
				12D2F007180634FF00FA2161 /* Assets */,
				12206EBD1804C33B00525EAC /* Frameworks */,
				12206EBB1804C33B00525EAC /* Products */,
			);
			sourceTree = "<group>";
		};
		12206EBB1804C33B00525EAC /* Products */ = {
			isa = PBXGroup;
			children = (
				12206EBA1804C33B00525EAC /* leapsynth.app */,
			);
			name = Products;
			sourceTree = "<group>";
		};
		12206EBD1804C33B00525EAC /* Frameworks */ = {
			isa = PBXGroup;
			children = (
				12206EDB1804C3A300525EAC /* LeapSDK */,
				12206EC11804C33B00525EAC /* AppKit.framework */,
				12206EC21804C33B00525EAC /* CoreData.framework */,
				12206EC31804C33B00525EAC /* Foundation.framework */,
				12206EBE1804C33B00525EAC /* Cocoa.framework */,
			);
			name = Frameworks;
			sourceTree = "<group>";
		};
		12206EC41804C33B00525EAC /* leapsynth */ = {
			isa = PBXGroup;
			children = (
				12206ED31804C33B00525EAC /* MainMenu.xib */,
				12206ED01804C33B00525EAC /* AppDelegate.h */,
				12206ED11804C33B00525EAC /* AppDelegate.m */,
				12D2F00418062D8000FA2161 /* Controls */,
				12206EF4180504A900525EAC /* CursorOverlay.h */,
				12206EF5180504A900525EAC /* CursorOverlay.m */,
				12206F0318050D4A00525EAC /* PointableCursor.h */,
				12206F0418050D4A00525EAC /* PointableCursor.m */,
				12206EC51804C33B00525EAC /* Supporting Files */,
			);
			path = leapsynth;
			sourceTree = "<group>";
		};
		12206EC51804C33B00525EAC /* Supporting Files */ = {
			isa = PBXGroup;
			children = (
				12206EC61804C33B00525EAC /* leapsynth-Info.plist */,
				12206EC71804C33B00525EAC /* InfoPlist.strings */,
				12206ECA1804C33B00525EAC /* main.m */,
				12206ECC1804C33B00525EAC /* leapsynth-Prefix.pch */,
				12206ECD1804C33B00525EAC /* Credits.rtf */,
			);
			name = "Supporting Files";
			sourceTree = "<group>";
		};
		12206EDB1804C3A300525EAC /* LeapSDK */ = {
			isa = PBXGroup;
			children = (
				12206EDC1804C3A300525EAC /* include */,
				12206EE21804C3A300525EAC /* libLeap.dylib */,
			);
			name = LeapSDK;
			path = lib/LeapSDK;
			sourceTree = "<group>";
		};
		12206EDC1804C3A300525EAC /* include */ = {
			isa = PBXGroup;
			children = (
				12206EDD1804C3A300525EAC /* Leap.h */,
				12206EDE1804C3A300525EAC /* Leap.i */,
				12206EDF1804C3A300525EAC /* LeapMath.h */,
				12206EE01804C3A300525EAC /* LeapObjectiveC.h */,
				12206EE11804C3A300525EAC /* LeapObjectiveC.mm */,
			);
			path = include;
			sourceTree = "<group>";
		};
		12D2F00418062D8000FA2161 /* Controls */ = {
			isa = PBXGroup;
			children = (
				12206EED1804E72E00525EAC /* LeapSlider.h */,
				12206EEE1804E72E00525EAC /* LeapSlider.m */,
				12D2F00018062D7500FA2161 /* LeapKnob.h */,
				12D2F00118062D7500FA2161 /* LeapKnob.m */,
			);
			name = Controls;
			sourceTree = "<group>";
		};
		12D2F007180634FF00FA2161 /* Assets */ = {
			isa = PBXGroup;
			children = (
				12D2F005180634EC00FA2161 /* pot_knob.png */,
				12206EF21804F76B00525EAC /* slider_knob.jpg */,
				12206EF01804ED0100525EAC /* slider_bg.png */,
			);
			name = Assets;
			sourceTree = "<group>";
		};
/* End PBXGroup section */

/* Begin PBXNativeTarget section */
		12206EB91804C33B00525EAC /* leapsynth */ = {
			isa = PBXNativeTarget;
			buildConfigurationList = 12206ED81804C33B00525EAC /* Build configuration list for PBXNativeTarget "leapsynth" */;
			buildPhases = (
				12206EB61804C33B00525EAC /* Sources */,
				12206EB71804C33B00525EAC /* Frameworks */,
				12206EB81804C33B00525EAC /* Resources */,
				12206EE61804C43300525EAC /* CopyFiles */,
			);
			buildRules = (
			);
			dependencies = (
			);
			name = leapsynth;
			productName = leapsynth;
			productReference = 12206EBA1804C33B00525EAC /* leapsynth.app */;
			productType = "com.apple.product-type.application";
		};
/* End PBXNativeTarget section */

/* Begin PBXProject section */
		12206EB11804C33B00525EAC /* Project object */ = {
			isa = PBXProject;
			attributes = {
				LastUpgradeCheck = 0430;
			};
			buildConfigurationList = 12206EB41804C33B00525EAC /* Build configuration list for PBXProject "leapsynth" */;
			compatibilityVersion = "Xcode 3.2";
			developmentRegion = English;
			hasScannedForEncodings = 0;
			knownRegions = (
				en,
			);
			mainGroup = 12206EAF1804C33B00525EAC;
			productRefGroup = 12206EBB1804C33B00525EAC /* Products */;
			projectDirPath = "";
			projectRoot = "";
			targets = (
				12206EB91804C33B00525EAC /* leapsynth */,
			);
		};
/* End PBXProject section */

/* Begin PBXResourcesBuildPhase section */
		12206EB81804C33B00525EAC /* Resources */ = {
			isa = PBXResourcesBuildPhase;
			buildActionMask = 2147483647;
			files = (
				12206EC91804C33B00525EAC /* InfoPlist.strings in Resources */,
				12206ECF1804C33B00525EAC /* Credits.rtf in Resources */,
				12206ED51804C33B00525EAC /* MainMenu.xib in Resources */,
				12206EF11804ED0100525EAC /* slider_bg.png in Resources */,
				12206EF31804F76B00525EAC /* slider_knob.jpg in Resources */,
				12D2F006180634EC00FA2161 /* pot_knob.png in Resources */,
			);
			runOnlyForDeploymentPostprocessing = 0;
		};
/* End PBXResourcesBuildPhase section */

/* Begin PBXSourcesBuildPhase section */
		12206EB61804C33B00525EAC /* Sources */ = {
			isa = PBXSourcesBuildPhase;
			buildActionMask = 2147483647;
			files = (
				12206ECB1804C33B00525EAC /* main.m in Sources */,
				12206ED21804C33B00525EAC /* AppDelegate.m in Sources */,
				12206EE41804C3A300525EAC /* LeapObjectiveC.mm in Sources */,
				12206EEF1804E72E00525EAC /* LeapSlider.m in Sources */,
				12206EF6180504A900525EAC /* CursorOverlay.m in Sources */,
				12206F0518050D4A00525EAC /* PointableCursor.m in Sources */,
				12D2F00218062D7500FA2161 /* LeapKnob.m in Sources */,
			);
			runOnlyForDeploymentPostprocessing = 0;
		};
/* End PBXSourcesBuildPhase section */

/* Begin PBXVariantGroup section */
		12206EC71804C33B00525EAC /* InfoPlist.strings */ = {
			isa = PBXVariantGroup;
			children = (
				12206EC81804C33B00525EAC /* en */,
			);
			name = InfoPlist.strings;
			sourceTree = "<group>";
		};
		12206ECD1804C33B00525EAC /* Credits.rtf */ = {
			isa = PBXVariantGroup;
			children = (
				12206ECE1804C33B00525EAC /* en */,
			);
			name = Credits.rtf;
			sourceTree = "<group>";
		};
		12206ED31804C33B00525EAC /* MainMenu.xib */ = {
			isa = PBXVariantGroup;
			children = (
				12206ED41804C33B00525EAC /* en */,
			);
			name = MainMenu.xib;
			sourceTree = "<group>";
		};
/* End PBXVariantGroup section */

/* Begin XCBuildConfiguration section */
		12206ED61804C33B00525EAC /* Debug */ = {
			isa = XCBuildConfiguration;
			buildSettings = {
				ALWAYS_SEARCH_USER_PATHS = NO;
				ARCHS = "$(ARCHS_STANDARD_64_BIT)";
				COPY_PHASE_STRIP = NO;
				GCC_C_LANGUAGE_STANDARD = gnu99;
				GCC_DYNAMIC_NO_PIC = NO;
				GCC_ENABLE_OBJC_EXCEPTIONS = YES;
				GCC_OPTIMIZATION_LEVEL = 0;
				GCC_PREPROCESSOR_DEFINITIONS = (
					"DEBUG=1",
					"$(inherited)",
				);
				GCC_SYMBOLS_PRIVATE_EXTERN = NO;
				GCC_VERSION = com.apple.compilers.llvm.clang.1_0;
				GCC_WARN_64_TO_32_BIT_CONVERSION = YES;
				GCC_WARN_ABOUT_RETURN_TYPE = YES;
				GCC_WARN_UNINITIALIZED_AUTOS = YES;
				GCC_WARN_UNUSED_VARIABLE = YES;
				MACOSX_DEPLOYMENT_TARGET = 10.7;
				ONLY_ACTIVE_ARCH = YES;
				SDKROOT = macosx;
			};
			name = Debug;
		};
		12206ED71804C33B00525EAC /* Release */ = {
			isa = XCBuildConfiguration;
			buildSettings = {
				ALWAYS_SEARCH_USER_PATHS = NO;
				ARCHS = "$(ARCHS_STANDARD_64_BIT)";
				COPY_PHASE_STRIP = YES;
				DEBUG_INFORMATION_FORMAT = "dwarf-with-dsym";
				GCC_C_LANGUAGE_STANDARD = gnu99;
				GCC_ENABLE_OBJC_EXCEPTIONS = YES;
				GCC_VERSION = com.apple.compilers.llvm.clang.1_0;
				GCC_WARN_64_TO_32_BIT_CONVERSION = YES;
				GCC_WARN_ABOUT_RETURN_TYPE = YES;
				GCC_WARN_UNINITIALIZED_AUTOS = YES;
				GCC_WARN_UNUSED_VARIABLE = YES;
				MACOSX_DEPLOYMENT_TARGET = 10.7;
				SDKROOT = macosx;
			};
			name = Release;
		};
		12206ED91804C33B00525EAC /* Debug */ = {
			isa = XCBuildConfiguration;
			buildSettings = {
				CLANG_ENABLE_OBJC_ARC = YES;
				CLANG_WARN_OBJCPP_ARC_ABI = NO;
				GCC_PRECOMPILE_PREFIX_HEADER = YES;
				GCC_PREFIX_HEADER = "leapsynth/leapsynth-Prefix.pch";
				INFOPLIST_FILE = "leapsynth/leapsynth-Info.plist";
				LIBRARY_SEARCH_PATHS = (
					"$(inherited)",
					"\"$(SRCROOT)/lib/LeapSDK\"",
				);
				PRODUCT_NAME = "$(TARGET_NAME)";
				WRAPPER_EXTENSION = app;
			};
			name = Debug;
		};
		12206EDA1804C33B00525EAC /* Release */ = {
			isa = XCBuildConfiguration;
			buildSettings = {
				CLANG_ENABLE_OBJC_ARC = YES;
				CLANG_WARN_OBJCPP_ARC_ABI = NO;
				GCC_PRECOMPILE_PREFIX_HEADER = YES;
				GCC_PREFIX_HEADER = "leapsynth/leapsynth-Prefix.pch";
				INFOPLIST_FILE = "leapsynth/leapsynth-Info.plist";
				LIBRARY_SEARCH_PATHS = (
					"$(inherited)",
					"\"$(SRCROOT)/lib/LeapSDK\"",
				);
				PRODUCT_NAME = "$(TARGET_NAME)";
				WRAPPER_EXTENSION = app;
			};
			name = Release;
		};
/* End XCBuildConfiguration section */

/* Begin XCConfigurationList section */
		12206EB41804C33B00525EAC /* Build configuration list for PBXProject "leapsynth" */ = {
			isa = XCConfigurationList;
			buildConfigurations = (
				12206ED61804C33B00525EAC /* Debug */,
				12206ED71804C33B00525EAC /* Release */,
			);
			defaultConfigurationIsVisible = 0;
			defaultConfigurationName = Release;
		};
		12206ED81804C33B00525EAC /* Build configuration list for PBXNativeTarget "leapsynth" */ = {
			isa = XCConfigurationList;
			buildConfigurations = (
				12206ED91804C33B00525EAC /* Debug */,
				12206EDA1804C33B00525EAC /* Release */,
			);
			defaultConfigurationIsVisible = 0;
			defaultConfigurationName = Release;
		};
/* End XCConfigurationList section */
	};
	rootObject = 12206EB11804C33B00525EAC /* Project object */;
}
